// !$*UTF8*$!
{
	archiveVersion = 1;
	classes = {
	};
	objectVersion = 50;
	objects = {

/* Begin PBXBuildFile section */
		16DE2BB325758F300053A366 /* AppDelegate.swift in Sources */ = {isa = PBXBuildFile; fileRef = 16DE2BB225758F300053A366 /* AppDelegate.swift */; };
		16DE2BB525758F300053A366 /* GameScene.sks in Resources */ = {isa = PBXBuildFile; fileRef = 16DE2BB425758F300053A366 /* GameScene.sks */; };
		16DE2BB725758F300053A366 /* Actions.sks in Resources */ = {isa = PBXBuildFile; fileRef = 16DE2BB625758F300053A366 /* Actions.sks */; };
		16DE2BB925758F300053A366 /* GameScene.swift in Sources */ = {isa = PBXBuildFile; fileRef = 16DE2BB825758F300053A366 /* GameScene.swift */; };
		16DE2BBB25758F300053A366 /* GameViewController.swift in Sources */ = {isa = PBXBuildFile; fileRef = 16DE2BBA25758F300053A366 /* GameViewController.swift */; };
		16DE2BBE25758F300053A366 /* Main.storyboard in Resources */ = {isa = PBXBuildFile; fileRef = 16DE2BBC25758F300053A366 /* Main.storyboard */; };
		16DE2BC025758F320053A366 /* Assets.xcassets in Resources */ = {isa = PBXBuildFile; fileRef = 16DE2BBF25758F320053A366 /* Assets.xcassets */; };
		16DE2BCB25758F330053A366 /* BagScannerTests.swift in Sources */ = {isa = PBXBuildFile; fileRef = 16DE2BCA25758F330053A366 /* BagScannerTests.swift */; };
		16DE2BD625758F330053A366 /* BagScannerUITests.swift in Sources */ = {isa = PBXBuildFile; fileRef = 16DE2BD525758F330053A366 /* BagScannerUITests.swift */; };
		16DE2BEC2575969F0053A366 /* MenuScene.sks in Resources */ = {isa = PBXBuildFile; fileRef = 16DE2BEB2575969F0053A366 /* MenuScene.sks */; };
		16DE2BF12575971F0053A366 /* MenuScene.swift in Sources */ = {isa = PBXBuildFile; fileRef = 16DE2BF02575971F0053A366 /* MenuScene.swift */; };
		16DFAFBB2578F4F50054EFDD /* exittomenu.png in Resources */ = {isa = PBXBuildFile; fileRef = 16DFAFB52578F4F50054EFDD /* exittomenu.png */; };
		16DFAFBC2578F4F50054EFDD /* play.png in Resources */ = {isa = PBXBuildFile; fileRef = 16DFAFB62578F4F50054EFDD /* play.png */; };
		16DFAFBD2578F4F50054EFDD /* Pause menu.png in Resources */ = {isa = PBXBuildFile; fileRef = 16DFAFB72578F4F50054EFDD /* Pause menu.png */; };
		16DFAFBE2578F4F50054EFDD /* savandexit.png in Resources */ = {isa = PBXBuildFile; fileRef = 16DFAFB82578F4F50054EFDD /* savandexit.png */; };
		16DFAFBF2578F4F50054EFDD /* mainmenu2.png in Resources */ = {isa = PBXBuildFile; fileRef = 16DFAFB92578F4F50054EFDD /* mainmenu2.png */; };
		16DFAFC02578F4F50054EFDD /* exit.png in Resources */ = {isa = PBXBuildFile; fileRef = 16DFAFBA2578F4F50054EFDD /* exit.png */; };
		16DFAFCD2578F5660054EFDD /* PauseScene.swift in Sources */ = {isa = PBXBuildFile; fileRef = 16DFAFCC2578F5660054EFDD /* PauseScene.swift */; };
		16DFAFD22578F6650054EFDD /* PauseScene.sks in Resources */ = {isa = PBXBuildFile; fileRef = 16DFAFD12578F6650054EFDD /* PauseScene.sks */; };
		16DFAFD72578F7530054EFDD /* continue.png in Resources */ = {isa = PBXBuildFile; fileRef = 16DFAFD62578F7530054EFDD /* continue.png */; };
		16DFAFDC2578FC340054EFDD /* gameSave.rtf in Resources */ = {isa = PBXBuildFile; fileRef = 16DFAFDB2578FC340054EFDD /* gameSave.rtf */; };
		16DFAFE4257A5A000054EFDD /* Untitled.png in Resources */ = {isa = PBXBuildFile; fileRef = 16DFAFE3257A5A000054EFDD /* Untitled.png */; };
/* End PBXBuildFile section */

/* Begin PBXContainerItemProxy section */
		16DE2BC725758F330053A366 /* PBXContainerItemProxy */ = {
			isa = PBXContainerItemProxy;
			containerPortal = 16DE2BA725758F300053A366 /* Project object */;
			proxyType = 1;
			remoteGlobalIDString = 16DE2BAE25758F300053A366;
			remoteInfo = BagScanner;
		};
		16DE2BD225758F330053A366 /* PBXContainerItemProxy */ = {
			isa = PBXContainerItemProxy;
			containerPortal = 16DE2BA725758F300053A366 /* Project object */;
			proxyType = 1;
			remoteGlobalIDString = 16DE2BAE25758F300053A366;
			remoteInfo = BagScanner;
		};
/* End PBXContainerItemProxy section */

/* Begin PBXFileReference section */
		16DE2BAF25758F300053A366 /* BagScanner.app */ = {isa = PBXFileReference; explicitFileType = wrapper.application; includeInIndex = 0; path = BagScanner.app; sourceTree = BUILT_PRODUCTS_DIR; };
		16DE2BB225758F300053A366 /* AppDelegate.swift */ = {isa = PBXFileReference; lastKnownFileType = sourcecode.swift; path = AppDelegate.swift; sourceTree = "<group>"; };
		16DE2BB425758F300053A366 /* GameScene.sks */ = {isa = PBXFileReference; lastKnownFileType = file.sks; path = GameScene.sks; sourceTree = "<group>"; };
		16DE2BB625758F300053A366 /* Actions.sks */ = {isa = PBXFileReference; lastKnownFileType = file.sks; path = Actions.sks; sourceTree = "<group>"; };
		16DE2BB825758F300053A366 /* GameScene.swift */ = {isa = PBXFileReference; lastKnownFileType = sourcecode.swift; path = GameScene.swift; sourceTree = "<group>"; };
		16DE2BBA25758F300053A366 /* GameViewController.swift */ = {isa = PBXFileReference; lastKnownFileType = sourcecode.swift; path = GameViewController.swift; sourceTree = "<group>"; };
		16DE2BBD25758F300053A366 /* Base */ = {isa = PBXFileReference; lastKnownFileType = file.storyboard; name = Base; path = Base.lproj/Main.storyboard; sourceTree = "<group>"; };
		16DE2BBF25758F320053A366 /* Assets.xcassets */ = {isa = PBXFileReference; lastKnownFileType = folder.assetcatalog; path = Assets.xcassets; sourceTree = "<group>"; };
		16DE2BC125758F320053A366 /* Info.plist */ = {isa = PBXFileReference; lastKnownFileType = text.plist.xml; path = Info.plist; sourceTree = "<group>"; };
		16DE2BC625758F330053A366 /* BagScannerTests.xctest */ = {isa = PBXFileReference; explicitFileType = wrapper.cfbundle; includeInIndex = 0; path = BagScannerTests.xctest; sourceTree = BUILT_PRODUCTS_DIR; };
		16DE2BCA25758F330053A366 /* BagScannerTests.swift */ = {isa = PBXFileReference; lastKnownFileType = sourcecode.swift; path = BagScannerTests.swift; sourceTree = "<group>"; };
		16DE2BCC25758F330053A366 /* Info.plist */ = {isa = PBXFileReference; lastKnownFileType = text.plist.xml; path = Info.plist; sourceTree = "<group>"; };
		16DE2BD125758F330053A366 /* BagScannerUITests.xctest */ = {isa = PBXFileReference; explicitFileType = wrapper.cfbundle; includeInIndex = 0; path = BagScannerUITests.xctest; sourceTree = BUILT_PRODUCTS_DIR; };
		16DE2BD525758F330053A366 /* BagScannerUITests.swift */ = {isa = PBXFileReference; lastKnownFileType = sourcecode.swift; path = BagScannerUITests.swift; sourceTree = "<group>"; };
		16DE2BD725758F330053A366 /* Info.plist */ = {isa = PBXFileReference; lastKnownFileType = text.plist.xml; path = Info.plist; sourceTree = "<group>"; };
		16DE2BEB2575969F0053A366 /* MenuScene.sks */ = {isa = PBXFileReference; lastKnownFileType = file.sks; path = MenuScene.sks; sourceTree = "<group>"; };
		16DE2BF02575971F0053A366 /* MenuScene.swift */ = {isa = PBXFileReference; lastKnownFileType = sourcecode.swift; path = MenuScene.swift; sourceTree = "<group>"; };
		16DFAFB52578F4F50054EFDD /* exittomenu.png */ = {isa = PBXFileReference; lastKnownFileType = image.png; path = exittomenu.png; sourceTree = "<group>"; };
		16DFAFB62578F4F50054EFDD /* play.png */ = {isa = PBXFileReference; lastKnownFileType = image.png; path = play.png; sourceTree = "<group>"; };
		16DFAFB72578F4F50054EFDD /* Pause menu.png */ = {isa = PBXFileReference; lastKnownFileType = image.png; path = "Pause menu.png"; sourceTree = "<group>"; };
		16DFAFB82578F4F50054EFDD /* savandexit.png */ = {isa = PBXFileReference; lastKnownFileType = image.png; path = savandexit.png; sourceTree = "<group>"; };
		16DFAFB92578F4F50054EFDD /* mainmenu2.png */ = {isa = PBXFileReference; lastKnownFileType = image.png; path = mainmenu2.png; sourceTree = "<group>"; };
		16DFAFBA2578F4F50054EFDD /* exit.png */ = {isa = PBXFileReference; lastKnownFileType = image.png; path = exit.png; sourceTree = "<group>"; };
		16DFAFCC2578F5660054EFDD /* PauseScene.swift */ = {isa = PBXFileReference; lastKnownFileType = sourcecode.swift; path = PauseScene.swift; sourceTree = "<group>"; };
		16DFAFD12578F6650054EFDD /* PauseScene.sks */ = {isa = PBXFileReference; lastKnownFileType = file.sks; path = PauseScene.sks; sourceTree = "<group>"; };
		16DFAFD62578F7530054EFDD /* continue.png */ = {isa = PBXFileReference; lastKnownFileType = image.png; path = continue.png; sourceTree = "<group>"; };
		16DFAFDB2578FC340054EFDD /* gameSave.rtf */ = {isa = PBXFileReference; lastKnownFileType = text.rtf; path = gameSave.rtf; sourceTree = "<group>"; };
		16DFAFE3257A5A000054EFDD /* Untitled.png */ = {isa = PBXFileReference; lastKnownFileType = image.png; path = Untitled.png; sourceTree = "<group>"; };
/* End PBXFileReference section */

/* Begin PBXFrameworksBuildPhase section */
		16DE2BAC25758F300053A366 /* Frameworks */ = {
			isa = PBXFrameworksBuildPhase;
			buildActionMask = 2147483647;
			files = (
			);
			runOnlyForDeploymentPostprocessing = 0;
		};
		16DE2BC325758F330053A366 /* Frameworks */ = {
			isa = PBXFrameworksBuildPhase;
			buildActionMask = 2147483647;
			files = (
			);
			runOnlyForDeploymentPostprocessing = 0;
		};
		16DE2BCE25758F330053A366 /* Frameworks */ = {
			isa = PBXFrameworksBuildPhase;
			buildActionMask = 2147483647;
			files = (
			);
			runOnlyForDeploymentPostprocessing = 0;
		};
/* End PBXFrameworksBuildPhase section */

/* Begin PBXGroup section */
		16DE2BA625758F300053A366 = {
			isa = PBXGroup;
			children = (
				16DE2BB125758F300053A366 /* BagScanner */,
				16DE2BC925758F330053A366 /* BagScannerTests */,
				16DE2BD425758F330053A366 /* BagScannerUITests */,
				16DE2BB025758F300053A366 /* Products */,
			);
			sourceTree = "<group>";
		};
		16DE2BB025758F300053A366 /* Products */ = {
			isa = PBXGroup;
			children = (
				16DE2BAF25758F300053A366 /* BagScanner.app */,
				16DE2BC625758F330053A366 /* BagScannerTests.xctest */,
				16DE2BD125758F330053A366 /* BagScannerUITests.xctest */,
			);
			name = Products;
			sourceTree = "<group>";
		};
		16DE2BB125758F300053A366 /* BagScanner */ = {
			isa = PBXGroup;
			children = (
				16DE2BB225758F300053A366 /* AppDelegate.swift */,
				16DE2BB625758F300053A366 /* Actions.sks */,
				16DFAFBA2578F4F50054EFDD /* exit.png */,
				16DFAFB52578F4F50054EFDD /* exittomenu.png */,
				16DFAFE3257A5A000054EFDD /* Untitled.png */,
				16DFAFD62578F7530054EFDD /* continue.png */,
				16DFAFB92578F4F50054EFDD /* mainmenu2.png */,
				16DFAFB72578F4F50054EFDD /* Pause menu.png */,
				16DFAFB62578F4F50054EFDD /* play.png */,
				16DFAFB82578F4F50054EFDD /* savandexit.png */,
				16DFAFD12578F6650054EFDD /* PauseScene.sks */,
				16DE2BB425758F300053A366 /* GameScene.sks */,
				16DE2BEB2575969F0053A366 /* MenuScene.sks */,
				16DFAFCC2578F5660054EFDD /* PauseScene.swift */,
				16DE2BB825758F300053A366 /* GameScene.swift */,
				16DE2BF02575971F0053A366 /* MenuScene.swift */,
				16DE2BBA25758F300053A366 /* GameViewController.swift */,
				16DE2BBC25758F300053A366 /* Main.storyboard */,
				16DE2BBF25758F320053A366 /* Assets.xcassets */,
				16DE2BC125758F320053A366 /* Info.plist */,
				16DFAFDB2578FC340054EFDD /* gameSave.rtf */,
			);
			path = BagScanner;
			sourceTree = "<group>";
		};
		16DE2BC925758F330053A366 /* BagScannerTests */ = {
			isa = PBXGroup;
			children = (
				16DE2BCA25758F330053A366 /* BagScannerTests.swift */,
				16DE2BCC25758F330053A366 /* Info.plist */,
			);
			path = BagScannerTests;
			sourceTree = "<group>";
		};
		16DE2BD425758F330053A366 /* BagScannerUITests */ = {
			isa = PBXGroup;
			children = (
				16DE2BD525758F330053A366 /* BagScannerUITests.swift */,
				16DE2BD725758F330053A366 /* Info.plist */,
			);
			path = BagScannerUITests;
			sourceTree = "<group>";
		};
/* End PBXGroup section */

/* Begin PBXNativeTarget section */
		16DE2BAE25758F300053A366 /* BagScanner */ = {
			isa = PBXNativeTarget;
			buildConfigurationList = 16DE2BDA25758F330053A366 /* Build configuration list for PBXNativeTarget "BagScanner" */;
			buildPhases = (
				16DE2BAB25758F300053A366 /* Sources */,
				16DE2BAC25758F300053A366 /* Frameworks */,
				16DE2BAD25758F300053A366 /* Resources */,
			);
			buildRules = (
			);
			dependencies = (
			);
			name = BagScanner;
			productName = BagScanner;
			productReference = 16DE2BAF25758F300053A366 /* BagScanner.app */;
			productType = "com.apple.product-type.application";
		};
		16DE2BC525758F330053A366 /* BagScannerTests */ = {
			isa = PBXNativeTarget;
			buildConfigurationList = 16DE2BDD25758F330053A366 /* Build configuration list for PBXNativeTarget "BagScannerTests" */;
			buildPhases = (
				16DE2BC225758F330053A366 /* Sources */,
				16DE2BC325758F330053A366 /* Frameworks */,
				16DE2BC425758F330053A366 /* Resources */,
			);
			buildRules = (
			);
			dependencies = (
				16DE2BC825758F330053A366 /* PBXTargetDependency */,
			);
			name = BagScannerTests;
			productName = BagScannerTests;
			productReference = 16DE2BC625758F330053A366 /* BagScannerTests.xctest */;
			productType = "com.apple.product-type.bundle.unit-test";
		};
		16DE2BD025758F330053A366 /* BagScannerUITests */ = {
			isa = PBXNativeTarget;
			buildConfigurationList = 16DE2BE025758F330053A366 /* Build configuration list for PBXNativeTarget "BagScannerUITests" */;
			buildPhases = (
				16DE2BCD25758F330053A366 /* Sources */,
				16DE2BCE25758F330053A366 /* Frameworks */,
				16DE2BCF25758F330053A366 /* Resources */,
			);
			buildRules = (
			);
			dependencies = (
				16DE2BD325758F330053A366 /* PBXTargetDependency */,
			);
			name = BagScannerUITests;
			productName = BagScannerUITests;
			productReference = 16DE2BD125758F330053A366 /* BagScannerUITests.xctest */;
			productType = "com.apple.product-type.bundle.ui-testing";
		};
/* End PBXNativeTarget section */

/* Begin PBXProject section */
		16DE2BA725758F300053A366 /* Project object */ = {
			isa = PBXProject;
			attributes = {
				LastSwiftUpdateCheck = 1220;
				LastUpgradeCheck = 1220;
				TargetAttributes = {
					16DE2BAE25758F300053A366 = {
						CreatedOnToolsVersion = 12.2;
					};
					16DE2BC525758F330053A366 = {
						CreatedOnToolsVersion = 12.2;
						TestTargetID = 16DE2BAE25758F300053A366;
					};
					16DE2BD025758F330053A366 = {
						CreatedOnToolsVersion = 12.2;
						TestTargetID = 16DE2BAE25758F300053A366;
					};
				};
			};
			buildConfigurationList = 16DE2BAA25758F300053A366 /* Build configuration list for PBXProject "BagScanner" */;
			compatibilityVersion = "Xcode 9.3";
			developmentRegion = en;
			hasScannedForEncodings = 0;
			knownRegions = (
				en,
				Base,
			);
			mainGroup = 16DE2BA625758F300053A366;
			productRefGroup = 16DE2BB025758F300053A366 /* Products */;
			projectDirPath = "";
			projectRoot = "";
			targets = (
				16DE2BAE25758F300053A366 /* BagScanner */,
				16DE2BC525758F330053A366 /* BagScannerTests */,
				16DE2BD025758F330053A366 /* BagScannerUITests */,
			);
		};
/* End PBXProject section */

/* Begin PBXResourcesBuildPhase section */
		16DE2BAD25758F300053A366 /* Resources */ = {
			isa = PBXResourcesBuildPhase;
			buildActionMask = 2147483647;
			files = (
				16DFAFC02578F4F50054EFDD /* exit.png in Resources */,
				16DFAFBF2578F4F50054EFDD /* mainmenu2.png in Resources */,
				16DFAFD72578F7530054EFDD /* continue.png in Resources */,
				16DFAFBC2578F4F50054EFDD /* play.png in Resources */,
				16DE2BBE25758F300053A366 /* Main.storyboard in Resources */,
				16DE2BEC2575969F0053A366 /* MenuScene.sks in Resources */,
				16DE2BB525758F300053A366 /* GameScene.sks in Resources */,
				16DFAFDC2578FC340054EFDD /* gameSave.rtf in Resources */,
				16DFAFE4257A5A000054EFDD /* Untitled.png in Resources */,
				16DFAFBE2578F4F50054EFDD /* savandexit.png in Resources */,
				16DFAFBD2578F4F50054EFDD /* Pause menu.png in Resources */,
				16DFAFBB2578F4F50054EFDD /* exittomenu.png in Resources */,
				16DE2BC025758F320053A366 /* Assets.xcassets in Resources */,
				16DFAFD22578F6650054EFDD /* PauseScene.sks in Resources */,
				16DE2BB725758F300053A366 /* Actions.sks in Resources */,
			);
			runOnlyForDeploymentPostprocessing = 0;
		};
		16DE2BC425758F330053A366 /* Resources */ = {
			isa = PBXResourcesBuildPhase;
			buildActionMask = 2147483647;
			files = (
			);
			runOnlyForDeploymentPostprocessing = 0;
		};
		16DE2BCF25758F330053A366 /* Resources */ = {
			isa = PBXResourcesBuildPhase;
			buildActionMask = 2147483647;
			files = (
			);
			runOnlyForDeploymentPostprocessing = 0;
		};
/* End PBXResourcesBuildPhase section */

/* Begin PBXSourcesBuildPhase section */
		16DE2BAB25758F300053A366 /* Sources */ = {
			isa = PBXSourcesBuildPhase;
			buildActionMask = 2147483647;
			files = (
				16DE2BB925758F300053A366 /* GameScene.swift in Sources */,
				16DE2BF12575971F0053A366 /* MenuScene.swift in Sources */,
				16DFAFCD2578F5660054EFDD /* PauseScene.swift in Sources */,
				16DE2BBB25758F300053A366 /* GameViewController.swift in Sources */,
				16DE2BB325758F300053A366 /* AppDelegate.swift in Sources */,
			);
			runOnlyForDeploymentPostprocessing = 0;
		};
		16DE2BC225758F330053A366 /* Sources */ = {
			isa = PBXSourcesBuildPhase;
			buildActionMask = 2147483647;
			files = (
				16DE2BCB25758F330053A366 /* BagScannerTests.swift in Sources */,
			);
			runOnlyForDeploymentPostprocessing = 0;
		};
		16DE2BCD25758F330053A366 /* Sources */ = {
			isa = PBXSourcesBuildPhase;
			buildActionMask = 2147483647;
			files = (
				16DE2BD625758F330053A366 /* BagScannerUITests.swift in Sources */,
			);
			runOnlyForDeploymentPostprocessing = 0;
		};
/* End PBXSourcesBuildPhase section */

/* Begin PBXTargetDependency section */
		16DE2BC825758F330053A366 /* PBXTargetDependency */ = {
			isa = PBXTargetDependency;
			target = 16DE2BAE25758F300053A366 /* BagScanner */;
			targetProxy = 16DE2BC725758F330053A366 /* PBXContainerItemProxy */;
		};
		16DE2BD325758F330053A366 /* PBXTargetDependency */ = {
			isa = PBXTargetDependency;
			target = 16DE2BAE25758F300053A366 /* BagScanner */;
			targetProxy = 16DE2BD225758F330053A366 /* PBXContainerItemProxy */;
		};
/* End PBXTargetDependency section */

/* Begin PBXVariantGroup section */
		16DE2BBC25758F300053A366 /* Main.storyboard */ = {
			isa = PBXVariantGroup;
			children = (
				16DE2BBD25758F300053A366 /* Base */,
			);
			name = Main.storyboard;
			sourceTree = "<group>";
		};
/* End PBXVariantGroup section */

/* Begin XCBuildConfiguration section */
		16DE2BD825758F330053A366 /* Debug */ = {
			isa = XCBuildConfiguration;
			buildSettings = {
				ALWAYS_SEARCH_USER_PATHS = NO;
				CLANG_ANALYZER_NONNULL = YES;
				CLANG_ANALYZER_NUMBER_OBJECT_CONVERSION = YES_AGGRESSIVE;
				CLANG_CXX_LANGUAGE_STANDARD = "gnu++14";
				CLANG_CXX_LIBRARY = "libc++";
				CLANG_ENABLE_MODULES = YES;
				CLANG_ENABLE_OBJC_ARC = YES;
				CLANG_ENABLE_OBJC_WEAK = YES;
				CLANG_WARN_BLOCK_CAPTURE_AUTORELEASING = YES;
				CLANG_WARN_BOOL_CONVERSION = YES;
				CLANG_WARN_COMMA = YES;
				CLANG_WARN_CONSTANT_CONVERSION = YES;
				CLANG_WARN_DEPRECATED_OBJC_IMPLEMENTATIONS = YES;
				CLANG_WARN_DIRECT_OBJC_ISA_USAGE = YES_ERROR;
				CLANG_WARN_DOCUMENTATION_COMMENTS = YES;
				CLANG_WARN_EMPTY_BODY = YES;
				CLANG_WARN_ENUM_CONVERSION = YES;
				CLANG_WARN_INFINITE_RECURSION = YES;
				CLANG_WARN_INT_CONVERSION = YES;
				CLANG_WARN_NON_LITERAL_NULL_CONVERSION = YES;
				CLANG_WARN_OBJC_IMPLICIT_RETAIN_SELF = YES;
				CLANG_WARN_OBJC_LITERAL_CONVERSION = YES;
				CLANG_WARN_OBJC_ROOT_CLASS = YES_ERROR;
				CLANG_WARN_QUOTED_INCLUDE_IN_FRAMEWORK_HEADER = YES;
				CLANG_WARN_RANGE_LOOP_ANALYSIS = YES;
				CLANG_WARN_STRICT_PROTOTYPES = YES;
				CLANG_WARN_SUSPICIOUS_MOVE = YES;
				CLANG_WARN_UNGUARDED_AVAILABILITY = YES_AGGRESSIVE;
				CLANG_WARN_UNREACHABLE_CODE = YES;
				CLANG_WARN__DUPLICATE_METHOD_MATCH = YES;
				COPY_PHASE_STRIP = NO;
				DEBUG_INFORMATION_FORMAT = dwarf;
				ENABLE_STRICT_OBJC_MSGSEND = YES;
				ENABLE_TESTABILITY = YES;
				GCC_C_LANGUAGE_STANDARD = gnu11;
				GCC_DYNAMIC_NO_PIC = NO;
				GCC_NO_COMMON_BLOCKS = YES;
				GCC_OPTIMIZATION_LEVEL = 0;
				GCC_PREPROCESSOR_DEFINITIONS = (
					"DEBUG=1",
					"$(inherited)",
				);
				GCC_WARN_64_TO_32_BIT_CONVERSION = YES;
				GCC_WARN_ABOUT_RETURN_TYPE = YES_ERROR;
				GCC_WARN_UNDECLARED_SELECTOR = YES;
				GCC_WARN_UNINITIALIZED_AUTOS = YES_AGGRESSIVE;
				GCC_WARN_UNUSED_FUNCTION = YES;
				GCC_WARN_UNUSED_VARIABLE = YES;
				IPHONEOS_DEPLOYMENT_TARGET = 14.2;
				MTL_ENABLE_DEBUG_INFO = INCLUDE_SOURCE;
				MTL_FAST_MATH = YES;
				ONLY_ACTIVE_ARCH = YES;
				SDKROOT = iphoneos;
				SWIFT_ACTIVE_COMPILATION_CONDITIONS = DEBUG;
				SWIFT_OPTIMIZATION_LEVEL = "-Onone";
			};
			name = Debug;
		};
		16DE2BD925758F330053A366 /* Release */ = {
			isa = XCBuildConfiguration;
			buildSettings = {
				ALWAYS_SEARCH_USER_PATHS = NO;
				CLANG_ANALYZER_NONNULL = YES;
				CLANG_ANALYZER_NUMBER_OBJECT_CONVERSION = YES_AGGRESSIVE;
				CLANG_CXX_LANGUAGE_STANDARD = "gnu++14";
				CLANG_CXX_LIBRARY = "libc++";
				CLANG_ENABLE_MODULES = YES;
				CLANG_ENABLE_OBJC_ARC = YES;
				CLANG_ENABLE_OBJC_WEAK = YES;
				CLANG_WARN_BLOCK_CAPTURE_AUTORELEASING = YES;
				CLANG_WARN_BOOL_CONVERSION = YES;
				CLANG_WARN_COMMA = YES;
				CLANG_WARN_CONSTANT_CONVERSION = YES;
				CLANG_WARN_DEPRECATED_OBJC_IMPLEMENTATIONS = YES;
				CLANG_WARN_DIRECT_OBJC_ISA_USAGE = YES_ERROR;
				CLANG_WARN_DOCUMENTATION_COMMENTS = YES;
				CLANG_WARN_EMPTY_BODY = YES;
				CLANG_WARN_ENUM_CONVERSION = YES;
				CLANG_WARN_INFINITE_RECURSION = YES;
				CLANG_WARN_INT_CONVERSION = YES;
				CLANG_WARN_NON_LITERAL_NULL_CONVERSION = YES;
				CLANG_WARN_OBJC_IMPLICIT_RETAIN_SELF = YES;
				CLANG_WARN_OBJC_LITERAL_CONVERSION = YES;
				CLANG_WARN_OBJC_ROOT_CLASS = YES_ERROR;
				CLANG_WARN_QUOTED_INCLUDE_IN_FRAMEWORK_HEADER = YES;
				CLANG_WARN_RANGE_LOOP_ANALYSIS = YES;
				CLANG_WARN_STRICT_PROTOTYPES = YES;
				CLANG_WARN_SUSPICIOUS_MOVE = YES;
				CLANG_WARN_UNGUARDED_AVAILABILITY = YES_AGGRESSIVE;
				CLANG_WARN_UNREACHABLE_CODE = YES;
				CLANG_WARN__DUPLICATE_METHOD_MATCH = YES;
				COPY_PHASE_STRIP = NO;
				DEBUG_INFORMATION_FORMAT = "dwarf-with-dsym";
				ENABLE_NS_ASSERTIONS = NO;
				ENABLE_STRICT_OBJC_MSGSEND = YES;
				GCC_C_LANGUAGE_STANDARD = gnu11;
				GCC_NO_COMMON_BLOCKS = YES;
				GCC_WARN_64_TO_32_BIT_CONVERSION = YES;
				GCC_WARN_ABOUT_RETURN_TYPE = YES_ERROR;
				GCC_WARN_UNDECLARED_SELECTOR = YES;
				GCC_WARN_UNINITIALIZED_AUTOS = YES_AGGRESSIVE;
				GCC_WARN_UNUSED_FUNCTION = YES;
				GCC_WARN_UNUSED_VARIABLE = YES;
				IPHONEOS_DEPLOYMENT_TARGET = 14.2;
				MTL_ENABLE_DEBUG_INFO = NO;
				MTL_FAST_MATH = YES;
				SDKROOT = iphoneos;
				SWIFT_COMPILATION_MODE = wholemodule;
				SWIFT_OPTIMIZATION_LEVEL = "-O";
				VALIDATE_PRODUCT = YES;
			};
			name = Release;
		};
		16DE2BDB25758F330053A366 /* Debug */ = {
			isa = XCBuildConfiguration;
			buildSettings = {
				ASSETCATALOG_COMPILER_APPICON_NAME = AppIcon;
				ASSETCATALOG_COMPILER_GLOBAL_ACCENT_COLOR_NAME = AccentColor;
				CODE_SIGN_STYLE = Automatic;
				INFOPLIST_FILE = BagScanner/Info.plist;
				LD_RUNPATH_SEARCH_PATHS = (
					"$(inherited)",
					"@executable_path/Frameworks",
				);
				PRODUCT_BUNDLE_IDENTIFIER = Ed.BagScanner;
				PRODUCT_NAME = "$(TARGET_NAME)";
				SWIFT_VERSION = 5.0;
				TARGETED_DEVICE_FAMILY = "1,2";
			};
			name = Debug;
		};
		16DE2BDC25758F330053A366 /* Release */ = {
			isa = XCBuildConfiguration;
			buildSettings = {
				ASSETCATALOG_COMPILER_APPICON_NAME = AppIcon;
				ASSETCATALOG_COMPILER_GLOBAL_ACCENT_COLOR_NAME = AccentColor;
				CODE_SIGN_STYLE = Automatic;
				INFOPLIST_FILE = BagScanner/Info.plist;
				LD_RUNPATH_SEARCH_PATHS = (
					"$(inherited)",
					"@executable_path/Frameworks",
				);
				PRODUCT_BUNDLE_IDENTIFIER = Ed.BagScanner;
				PRODUCT_NAME = "$(TARGET_NAME)";
				SWIFT_VERSION = 5.0;
				TARGETED_DEVICE_FAMILY = "1,2";
			};
			name = Release;
		};
		16DE2BDE25758F330053A366 /* Debug */ = {
			isa = XCBuildConfiguration;
			buildSettings = {
				ALWAYS_EMBED_SWIFT_STANDARD_LIBRARIES = YES;
				BUNDLE_LOADER = "$(TEST_HOST)";
				CODE_SIGN_STYLE = Automatic;
				INFOPLIST_FILE = BagScannerTests/Info.plist;
				IPHONEOS_DEPLOYMENT_TARGET = 14.2;
				LD_RUNPATH_SEARCH_PATHS = (
					"$(inherited)",
					"@executable_path/Frameworks",
					"@loader_path/Frameworks",
				);
				PRODUCT_BUNDLE_IDENTIFIER = Ed.BagScannerTests;
				PRODUCT_NAME = "$(TARGET_NAME)";
				SWIFT_VERSION = 5.0;
				TARGETED_DEVICE_FAMILY = "1,2";
				TEST_HOST = "$(BUILT_PRODUCTS_DIR)/BagScanner.app/BagScanner";
			};
			name = Debug;
		};
		16DE2BDF25758F330053A366 /* Release */ = {
			isa = XCBuildConfiguration;
			buildSettings = {
				ALWAYS_EMBED_SWIFT_STANDARD_LIBRARIES = YES;
				BUNDLE_LOADER = "$(TEST_HOST)";
				CODE_SIGN_STYLE = Automatic;
				INFOPLIST_FILE = BagScannerTests/Info.plist;
				IPHONEOS_DEPLOYMENT_TARGET = 14.2;
				LD_RUNPATH_SEARCH_PATHS = (
					"$(inherited)",
					"@executable_path/Frameworks",
					"@loader_path/Frameworks",
				);
				PRODUCT_BUNDLE_IDENTIFIER = Ed.BagScannerTests;
				PRODUCT_NAME = "$(TARGET_NAME)";
				SWIFT_VERSION = 5.0;
				TARGETED_DEVICE_FAMILY = "1,2";
				TEST_HOST = "$(BUILT_PRODUCTS_DIR)/BagScanner.app/BagScanner";
			};
			name = Release;
		};
		16DE2BE125758F330053A366 /* Debug */ = {
			isa = XCBuildConfiguration;
			buildSettings = {
				ALWAYS_EMBED_SWIFT_STANDARD_LIBRARIES = YES;
				CODE_SIGN_STYLE = Automatic;
				INFOPLIST_FILE = BagScannerUITests/Info.plist;
				LD_RUNPATH_SEARCH_PATHS = (
					"$(inherited)",
					"@executable_path/Frameworks",
					"@loader_path/Frameworks",
				);
				PRODUCT_BUNDLE_IDENTIFIER = Ed.BagScannerUITests;
				PRODUCT_NAME = "$(TARGET_NAME)";
				SWIFT_VERSION = 5.0;
				TARGETED_DEVICE_FAMILY = "1,2";
				TEST_TARGET_NAME = BagScanner;
			};
			name = Debug;
		};
		16DE2BE225758F330053A366 /* Release */ = {
			isa = XCBuildConfiguration;
			buildSettings = {
				ALWAYS_EMBED_SWIFT_STANDARD_LIBRARIES = YES;
				CODE_SIGN_STYLE = Automatic;
				INFOPLIST_FILE = BagScannerUITests/Info.plist;
				LD_RUNPATH_SEARCH_PATHS = (
					"$(inherited)",
					"@executable_path/Frameworks",
					"@loader_path/Frameworks",
				);
				PRODUCT_BUNDLE_IDENTIFIER = Ed.BagScannerUITests;
				PRODUCT_NAME = "$(TARGET_NAME)";
				SWIFT_VERSION = 5.0;
				TARGETED_DEVICE_FAMILY = "1,2";
				TEST_TARGET_NAME = BagScanner;
			};
			name = Release;
		};
/* End XCBuildConfiguration section */

/* Begin XCConfigurationList section */
		16DE2BAA25758F300053A366 /* Build configuration list for PBXProject "BagScanner" */ = {
			isa = XCConfigurationList;
			buildConfigurations = (
				16DE2BD825758F330053A366 /* Debug */,
				16DE2BD925758F330053A366 /* Release */,
			);
			defaultConfigurationIsVisible = 0;
			defaultConfigurationName = Release;
		};
		16DE2BDA25758F330053A366 /* Build configuration list for PBXNativeTarget "BagScanner" */ = {
			isa = XCConfigurationList;
			buildConfigurations = (
				16DE2BDB25758F330053A366 /* Debug */,
				16DE2BDC25758F330053A366 /* Release */,
			);
			defaultConfigurationIsVisible = 0;
			defaultConfigurationName = Release;
		};
		16DE2BDD25758F330053A366 /* Build configuration list for PBXNativeTarget "BagScannerTests" */ = {
			isa = XCConfigurationList;
			buildConfigurations = (
				16DE2BDE25758F330053A366 /* Debug */,
				16DE2BDF25758F330053A366 /* Release */,
			);
			defaultConfigurationIsVisible = 0;
			defaultConfigurationName = Release;
		};
		16DE2BE025758F330053A366 /* Build configuration list for PBXNativeTarget "BagScannerUITests" */ = {
			isa = XCConfigurationList;
			buildConfigurations = (
				16DE2BE125758F330053A366 /* Debug */,
				16DE2BE225758F330053A366 /* Release */,
			);
			defaultConfigurationIsVisible = 0;
			defaultConfigurationName = Release;
		};
/* End XCConfigurationList section */
	};
	rootObject = 16DE2BA725758F300053A366 /* Project object */;
}
